
Microsoft Visual Studio Solution File, Format Version 12.00
# Visual Studio Version 16
VisualStudioVersion = 16.0.29509.3
MinimumVisualStudioVersion = 10.0.40219.1
Project("{888888A0-9F3D-457C-B088-3A5042F75D52}") = "max1", "max1\max1.pyproj", "{4AB87E25-835A-40A5-8A7B-588265B6864E}"
EndProject
Global
	GlobalSection(SolutionConfigurationPlatforms) = preSolution
		Debug|Any CPU = Debug|Any CPU
		Release|Any CPU = Release|Any CPU
	EndGlobalSection
	GlobalSection(ProjectConfigurationPlatforms) = postSolution
		{4AB87E25-835A-40A5-8A7B-588265B6864E}.Debug|Any CPU.ActiveCfg = Debug|Any CPU
		{4AB87E25-835A-40A5-8A7B-588265B6864E}.Release|Any CPU.ActiveCfg = Release|Any CPU
	EndGlobalSection
	GlobalSection(SolutionProperties) = preSolution
		HideSolutionNode = FALSE
	EndGlobalSection
	GlobalSection(ExtensibilityGlobals) = postSolution
		SolutionGuid = {9439C8CA-B92F-464A-AF5C-9EA7FAD2040F}
	EndGlobalSection
EndGlobal
